
Microsoft Visual Studio Solution File, Format Version 12.00
# Visual Studio Version 17
VisualStudioVersion = 17.5.002.0
MinimumVisualStudioVersion = 10.0.40219.1
Project("{9A19103F-16F7-4668-BE54-9A1E7A4F7556}") = "Infrastructure", "Infrastructure.csproj", "{83D0FAB7-94E4-4A6D-A68E-67BE7EF8A45D}"
EndProject
Global
	GlobalSection(SolutionConfigurationPlatforms) = preSolution
		Debug|Any CPU = Debug|Any CPU
		Release|Any CPU = Release|Any CPU
	EndGlobalSection
	GlobalSection(ProjectConfigurationPlatforms) = postSolution
		{83D0FAB7-94E4-4A6D-A68E-67BE7EF8A45D}.Debug|Any CPU.ActiveCfg = Debug|Any CPU
		{83D0FAB7-94E4-4A6D-A68E-67BE7EF8A45D}.Debug|Any CPU.Build.0 = Debug|Any CPU
		{83D0FAB7-94E4-4A6D-A68E-67BE7EF8A45D}.Release|Any CPU.ActiveCfg = Release|Any CPU
		{83D0FAB7-94E4-4A6D-A68E-67BE7EF8A45D}.Release|Any CPU.Build.0 = Release|Any CPU
	EndGlobalSection
	GlobalSection(SolutionProperties) = preSolution
		HideSolutionNode = FALSE
	EndGlobalSection
	GlobalSection(ExtensibilityGlobals) = postSolution
		SolutionGuid = {3C47BF11-DE95-4FC9-95F8-77B2F969C6ED}
	EndGlobalSection
EndGlobal
